
Microsoft Visual Studio Solution File, Format Version 12.00
# Visual Studio Version 17
VisualStudioVersion = 17.8.34511.84
MinimumVisualStudioVersion = 10.0.40219.1
Project("{FAE04EC0-301F-11D3-BF4B-00C04F79EFBC}") = "ConsoleApp8", "ConsoleApp8\ConsoleApp8.csproj", "{D123B90C-901C-4813-81C7-76F404A3730B}"
EndProject
Global
	GlobalSection(SolutionConfigurationPlatforms) = preSolution
		Debug|Any CPU = Debug|Any CPU
		Release|Any CPU = Release|Any CPU
	EndGlobalSection
	GlobalSection(ProjectConfigurationPlatforms) = postSolution
		{D123B90C-901C-4813-81C7-76F404A3730B}.Debug|Any CPU.ActiveCfg = Debug|Any CPU
		{D123B90C-901C-4813-81C7-76F404A3730B}.Debug|Any CPU.Build.0 = Debug|Any CPU
		{D123B90C-901C-4813-81C7-76F404A3730B}.Release|Any CPU.ActiveCfg = Release|Any CPU
		{D123B90C-901C-4813-81C7-76F404A3730B}.Release|Any CPU.Build.0 = Release|Any CPU
	EndGlobalSection
	GlobalSection(SolutionProperties) = preSolution
		HideSolutionNode = FALSE
	EndGlobalSection
	GlobalSection(ExtensibilityGlobals) = postSolution
		SolutionGuid = {304A72F5-D5B9-4A25-B35E-F7979651DB71}
	EndGlobalSection
EndGlobal
