
Microsoft Visual Studio Solution File, Format Version 12.00
# Visual Studio Version 17
VisualStudioVersion = 17.8.34408.163
MinimumVisualStudioVersion = 10.0.40219.1
Project("{FAE04EC0-301F-11D3-BF4B-00C04F79EFBC}") = "Game10003-a4-images", "Game10003-a4-images.csproj", "{D5A596C1-979E-4D1F-8433-EF5240784F64}"
EndProject
Global
	GlobalSection(SolutionConfigurationPlatforms) = preSolution
		Debug|Any CPU = Debug|Any CPU
		Release|Any CPU = Release|Any CPU
	EndGlobalSection
	GlobalSection(ProjectConfigurationPlatforms) = postSolution
		{D5A596C1-979E-4D1F-8433-EF5240784F64}.Debug|Any CPU.ActiveCfg = Debug|Any CPU
		{D5A596C1-979E-4D1F-8433-EF5240784F64}.Debug|Any CPU.Build.0 = Debug|Any CPU
		{D5A596C1-979E-4D1F-8433-EF5240784F64}.Release|Any CPU.ActiveCfg = Release|Any CPU
		{D5A596C1-979E-4D1F-8433-EF5240784F64}.Release|Any CPU.Build.0 = Release|Any CPU
	EndGlobalSection
	GlobalSection(SolutionProperties) = preSolution
		HideSolutionNode = FALSE
	EndGlobalSection
	GlobalSection(ExtensibilityGlobals) = postSolution
		SolutionGuid = {AEDF9700-7AC2-446D-8B8F-F867991AB67C}
	EndGlobalSection
EndGlobal
